
Microsoft Visual Studio Solution File, Format Version 12.00
# Visual Studio Version 16
VisualStudioVersion = 16.0.30011.22
MinimumVisualStudioVersion = 10.0.40219.1
Project("{FAE04EC0-301F-11D3-BF4B-00C04F79EFBC}") = "RMDataManager", "RMDataManager\RMDataManager.csproj", "{B664ABF3-2B04-41F5-B878-0D83547A26F3}"
EndProject
Project("{00D1A9C2-B5F0-4AF3-8072-F6C62B433612}") = "RMData", "RMData\RMData.sqlproj", "{E5041323-A7A0-4291-BFC1-81F49060DE7E}"
EndProject
Project("{FAE04EC0-301F-11D3-BF4B-00C04F79EFBC}") = "RMDesctopUI", "RMDesctopUI\RMDesctopUI.csproj", "{0E911594-E40A-47CD-BD3B-29CBA19228C5}"
EndProject
Global
	GlobalSection(SolutionConfigurationPlatforms) = preSolution
		Debug|Any CPU = Debug|Any CPU
		Release|Any CPU = Release|Any CPU
	EndGlobalSection
	GlobalSection(ProjectConfigurationPlatforms) = postSolution
		{B664ABF3-2B04-41F5-B878-0D83547A26F3}.Debug|Any CPU.ActiveCfg = Debug|Any CPU
		{B664ABF3-2B04-41F5-B878-0D83547A26F3}.Debug|Any CPU.Build.0 = Debug|Any CPU
		{B664ABF3-2B04-41F5-B878-0D83547A26F3}.Release|Any CPU.ActiveCfg = Release|Any CPU
		{B664ABF3-2B04-41F5-B878-0D83547A26F3}.Release|Any CPU.Build.0 = Release|Any CPU
		{E5041323-A7A0-4291-BFC1-81F49060DE7E}.Debug|Any CPU.ActiveCfg = Debug|Any CPU
		{E5041323-A7A0-4291-BFC1-81F49060DE7E}.Debug|Any CPU.Build.0 = Debug|Any CPU
		{E5041323-A7A0-4291-BFC1-81F49060DE7E}.Debug|Any CPU.Deploy.0 = Debug|Any CPU
		{E5041323-A7A0-4291-BFC1-81F49060DE7E}.Release|Any CPU.ActiveCfg = Release|Any CPU
		{E5041323-A7A0-4291-BFC1-81F49060DE7E}.Release|Any CPU.Build.0 = Release|Any CPU
		{E5041323-A7A0-4291-BFC1-81F49060DE7E}.Release|Any CPU.Deploy.0 = Release|Any CPU
		{0E911594-E40A-47CD-BD3B-29CBA19228C5}.Debug|Any CPU.ActiveCfg = Debug|Any CPU
		{0E911594-E40A-47CD-BD3B-29CBA19228C5}.Debug|Any CPU.Build.0 = Debug|Any CPU
		{0E911594-E40A-47CD-BD3B-29CBA19228C5}.Release|Any CPU.ActiveCfg = Release|Any CPU
		{0E911594-E40A-47CD-BD3B-29CBA19228C5}.Release|Any CPU.Build.0 = Release|Any CPU
	EndGlobalSection
	GlobalSection(SolutionProperties) = preSolution
		HideSolutionNode = FALSE
	EndGlobalSection
	GlobalSection(ExtensibilityGlobals) = postSolution
		SolutionGuid = {B1A61D29-ADF0-4133-AF79-BF3B1CA333DF}
	EndGlobalSection
EndGlobal
